<?xml version="1.0" encoding="UTF-8"?>
<Scheme
   version = "1.3">
   <BuildAction>
      <BuildActionEntries>
         <BuildActionEntry
            buildForRunning = "YES">
            <BuildableReference
               BuildableIdentifier = "primary"
               BlueprintIdentifier = "C9D91CD723FF84A80001E4B6"
               BuildableName = "UnitConverterChallengeDay19.app"
               BlueprintName = "UnitConverterChallengeDay19"
               ReferencedContainer = "container:UnitConverterChallengeDay19.xcodeproj">
            </BuildableReference>
         </BuildActionEntry>
      </BuildActionEntries>
   </BuildAction>
   <LaunchAction
      useCustomWorkingDirectory = "NO"
      buildConfiguration = "Debug"
      allowLocationSimulation = "YES">
      <BuildableProductRunnable>
         <BuildableReference
            BuildableIdentifier = "primary"
            BlueprintIdentifier = "C9D91CD723FF84A80001E4B6"
            BuildableName = "UnitConverterChallengeDay19.app"
            BlueprintName = "UnitConverterChallengeDay19"
            ReferencedContainer = "container:UnitConverterChallengeDay19.xcodeproj">
         </BuildableReference>
      </BuildableProductRunnable>
   </LaunchAction>
</Scheme>
